// !$*UTF8*$!
{
	archiveVersion = 1;
	classes = {
	};
	objectVersion = 46;
	objects = {

/* Begin PBXBuildFile section */
		4D01D2131DA27A150097128F /* PostCell.swift in Sources */ = {isa = PBXBuildFile; fileRef = 4D01D2121DA27A150097128F /* PostCell.swift */; };
		4D01D2161DA29F890097128F /* DataService.swift in Sources */ = {isa = PBXBuildFile; fileRef = 4D01D2151DA29F890097128F /* DataService.swift */; };
		4DBE37EC1D990A340070F0C2 /* AppDelegate.swift in Sources */ = {isa = PBXBuildFile; fileRef = 4DBE37EB1D990A340070F0C2 /* AppDelegate.swift */; };
		4DBE37EE1D990A340070F0C2 /* SignInVC.swift in Sources */ = {isa = PBXBuildFile; fileRef = 4DBE37ED1D990A340070F0C2 /* SignInVC.swift */; };
		4DBE37F11D990A340070F0C2 /* Main.storyboard in Resources */ = {isa = PBXBuildFile; fileRef = 4DBE37EF1D990A340070F0C2 /* Main.storyboard */; };
		4DBE37F31D990A340070F0C2 /* Assets.xcassets in Resources */ = {isa = PBXBuildFile; fileRef = 4DBE37F21D990A340070F0C2 /* Assets.xcassets */; };
		4DBE37F61D990A340070F0C2 /* LaunchScreen.storyboard in Resources */ = {isa = PBXBuildFile; fileRef = 4DBE37F41D990A340070F0C2 /* LaunchScreen.storyboard */; };
		4DBE37FE1D990AB90070F0C2 /* GoogleService-Info.plist in Resources */ = {isa = PBXBuildFile; fileRef = 4DBE37FD1D990AB90070F0C2 /* GoogleService-Info.plist */; };
		4DC64A411D9965C9000079EA /* FancyView.swift in Sources */ = {isa = PBXBuildFile; fileRef = 4DC64A401D9965C9000079EA /* FancyView.swift */; };
		4DC64A441D996655000079EA /* Constants.swift in Sources */ = {isa = PBXBuildFile; fileRef = 4DC64A431D996655000079EA /* Constants.swift */; };
		4DC64A461D996808000079EA /* RoundBtn.swift in Sources */ = {isa = PBXBuildFile; fileRef = 4DC64A451D996808000079EA /* RoundBtn.swift */; };
		4DC64A481D996A09000079EA /* FancyField.swift in Sources */ = {isa = PBXBuildFile; fileRef = 4DC64A471D996A09000079EA /* FancyField.swift */; };
		4DC64A4A1D996B49000079EA /* FancyBtn.swift in Sources */ = {isa = PBXBuildFile; fileRef = 4DC64A491D996B49000079EA /* FancyBtn.swift */; };
		4DCD386E1D9D238D00BE7A8A /* FeedVC.swift in Sources */ = {isa = PBXBuildFile; fileRef = 4DCD386D1D9D238D00BE7A8A /* FeedVC.swift */; };
		4DCD38701D9D667700BE7A8A /* CircleView.swift in Sources */ = {isa = PBXBuildFile; fileRef = 4DCD386F1D9D667700BE7A8A /* CircleView.swift */; };
		4EEC7DD22ED59BCF9A932E71 /* Pods_devslopes_social.framework in Frameworks */ = {isa = PBXBuildFile; fileRef = 81DD3B16003BEF71CADE29A8 /* Pods_devslopes_social.framework */; };
/* End PBXBuildFile section */

/* Begin PBXFileReference section */
		4D01D2121DA27A150097128F /* PostCell.swift */ = {isa = PBXFileReference; fileEncoding = 4; lastKnownFileType = sourcecode.swift; path = PostCell.swift; sourceTree = "<group>"; };
		4D01D2151DA29F890097128F /* DataService.swift */ = {isa = PBXFileReference; fileEncoding = 4; lastKnownFileType = sourcecode.swift; path = DataService.swift; sourceTree = "<group>"; };
		4DB306C31D9BBE3900B4B0B8 /* devslopes-social.entitlements */ = {isa = PBXFileReference; lastKnownFileType = text.plist.entitlements; path = "devslopes-social.entitlements"; sourceTree = "<group>"; };
		4DBE37E81D990A340070F0C2 /* devslopes-social.app */ = {isa = PBXFileReference; explicitFileType = wrapper.application; includeInIndex = 0; path = "devslopes-social.app"; sourceTree = BUILT_PRODUCTS_DIR; };
		4DBE37EB1D990A340070F0C2 /* AppDelegate.swift */ = {isa = PBXFileReference; lastKnownFileType = sourcecode.swift; path = AppDelegate.swift; sourceTree = "<group>"; };
		4DBE37ED1D990A340070F0C2 /* SignInVC.swift */ = {isa = PBXFileReference; lastKnownFileType = sourcecode.swift; path = SignInVC.swift; sourceTree = "<group>"; };
		4DBE37F01D990A340070F0C2 /* Base */ = {isa = PBXFileReference; lastKnownFileType = file.storyboard; name = Base; path = Base.lproj/Main.storyboard; sourceTree = "<group>"; };
		4DBE37F21D990A340070F0C2 /* Assets.xcassets */ = {isa = PBXFileReference; lastKnownFileType = folder.assetcatalog; path = Assets.xcassets; sourceTree = "<group>"; };
		4DBE37F51D990A340070F0C2 /* Base */ = {isa = PBXFileReference; lastKnownFileType = file.storyboard; name = Base; path = Base.lproj/LaunchScreen.storyboard; sourceTree = "<group>"; };
		4DBE37F71D990A340070F0C2 /* Info.plist */ = {isa = PBXFileReference; lastKnownFileType = text.plist.xml; path = Info.plist; sourceTree = "<group>"; };
		4DBE37FD1D990AB90070F0C2 /* GoogleService-Info.plist */ = {isa = PBXFileReference; fileEncoding = 4; lastKnownFileType = text.plist.xml; path = "GoogleService-Info.plist"; sourceTree = "<group>"; };
		4DC64A401D9965C9000079EA /* FancyView.swift */ = {isa = PBXFileReference; fileEncoding = 4; lastKnownFileType = sourcecode.swift; path = FancyView.swift; sourceTree = "<group>"; };
		4DC64A431D996655000079EA /* Constants.swift */ = {isa = PBXFileReference; fileEncoding = 4; lastKnownFileType = sourcecode.swift; path = Constants.swift; sourceTree = "<group>"; };
		4DC64A451D996808000079EA /* RoundBtn.swift */ = {isa = PBXFileReference; fileEncoding = 4; lastKnownFileType = sourcecode.swift; path = RoundBtn.swift; sourceTree = "<group>"; };
		4DC64A471D996A09000079EA /* FancyField.swift */ = {isa = PBXFileReference; fileEncoding = 4; lastKnownFileType = sourcecode.swift; path = FancyField.swift; sourceTree = "<group>"; };
		4DC64A491D996B49000079EA /* FancyBtn.swift */ = {isa = PBXFileReference; fileEncoding = 4; lastKnownFileType = sourcecode.swift; path = FancyBtn.swift; sourceTree = "<group>"; };
		4DCD386D1D9D238D00BE7A8A /* FeedVC.swift */ = {isa = PBXFileReference; fileEncoding = 4; lastKnownFileType = sourcecode.swift; path = FeedVC.swift; sourceTree = "<group>"; };
		4DCD386F1D9D667700BE7A8A /* CircleView.swift */ = {isa = PBXFileReference; fileEncoding = 4; lastKnownFileType = sourcecode.swift; path = CircleView.swift; sourceTree = "<group>"; };
		61C652492EFC478B0BF39E93 /* Pods-devslopes-social.release.xcconfig */ = {isa = PBXFileReference; includeInIndex = 1; lastKnownFileType = text.xcconfig; name = "Pods-devslopes-social.release.xcconfig"; path = "Pods/Target Support Files/Pods-devslopes-social/Pods-devslopes-social.release.xcconfig"; sourceTree = "<group>"; };
		81DD3B16003BEF71CADE29A8 /* Pods_devslopes_social.framework */ = {isa = PBXFileReference; explicitFileType = wrapper.framework; includeInIndex = 0; path = Pods_devslopes_social.framework; sourceTree = BUILT_PRODUCTS_DIR; };
		B52C9214654FE5D739BD95FD /* Pods-devslopes-social.debug.xcconfig */ = {isa = PBXFileReference; includeInIndex = 1; lastKnownFileType = text.xcconfig; name = "Pods-devslopes-social.debug.xcconfig"; path = "Pods/Target Support Files/Pods-devslopes-social/Pods-devslopes-social.debug.xcconfig"; sourceTree = "<group>"; };
/* End PBXFileReference section */

/* Begin PBXFrameworksBuildPhase section */
		4DBE37E51D990A330070F0C2 /* Frameworks */ = {
			isa = PBXFrameworksBuildPhase;
			buildActionMask = 2147483647;
			files = (
				4EEC7DD22ED59BCF9A932E71 /* Pods_devslopes_social.framework in Frameworks */,
			);
			runOnlyForDeploymentPostprocessing = 0;
		};
/* End PBXFrameworksBuildPhase section */

/* Begin PBXGroup section */
		4D01D2141DA29F6E0097128F /* Services */ = {
			isa = PBXGroup;
			children = (
				4D01D2151DA29F890097128F /* DataService.swift */,
			);
			name = Services;
			sourceTree = "<group>";
		};
		4D186E1A1D9919F8005E4A50 /* Model */ = {
			isa = PBXGroup;
			children = (
			);
			name = Model;
			sourceTree = "<group>";
		};
		4D186E1B1D9919FE005E4A50 /* View */ = {
			isa = PBXGroup;
			children = (
				4DC64A401D9965C9000079EA /* FancyView.swift */,
				4DC64A451D996808000079EA /* RoundBtn.swift */,
				4DC64A471D996A09000079EA /* FancyField.swift */,
				4DC64A491D996B49000079EA /* FancyBtn.swift */,
				4DCD386F1D9D667700BE7A8A /* CircleView.swift */,
				4D01D2121DA27A150097128F /* PostCell.swift */,
			);
			name = View;
			sourceTree = "<group>";
		};
		4D186E1C1D991A02005E4A50 /* Controller */ = {
			isa = PBXGroup;
			children = (
				4DBE37ED1D990A340070F0C2 /* SignInVC.swift */,
				4DCD386D1D9D238D00BE7A8A /* FeedVC.swift */,
			);
			name = Controller;
			sourceTree = "<group>";
		};
		4DBE37DF1D990A330070F0C2 = {
			isa = PBXGroup;
			children = (
				4DBE37EA1D990A340070F0C2 /* devslopes-social */,
				4DBE37E91D990A340070F0C2 /* Products */,
				5E28A1DC67D6662145B498D3 /* Pods */,
				B4C5CC21E724E19DD32AFCF7 /* Frameworks */,
			);
			sourceTree = "<group>";
		};
		4DBE37E91D990A340070F0C2 /* Products */ = {
			isa = PBXGroup;
			children = (
				4DBE37E81D990A340070F0C2 /* devslopes-social.app */,
			);
			name = Products;
			sourceTree = "<group>";
		};
		4DBE37EA1D990A340070F0C2 /* devslopes-social */ = {
			isa = PBXGroup;
			children = (
				4D01D2141DA29F6E0097128F /* Services */,
				4DB306C31D9BBE3900B4B0B8 /* devslopes-social.entitlements */,
				4DC64A421D996649000079EA /* Util */,
				4D186E1A1D9919F8005E4A50 /* Model */,
				4D186E1C1D991A02005E4A50 /* Controller */,
				4D186E1B1D9919FE005E4A50 /* View */,
				4DBE37EB1D990A340070F0C2 /* AppDelegate.swift */,
				4DBE37EF1D990A340070F0C2 /* Main.storyboard */,
				4DBE37F21D990A340070F0C2 /* Assets.xcassets */,
				4DBE37F41D990A340070F0C2 /* LaunchScreen.storyboard */,
				4DBE37F71D990A340070F0C2 /* Info.plist */,
				4DBE37FD1D990AB90070F0C2 /* GoogleService-Info.plist */,
			);
			path = "devslopes-social";
			sourceTree = "<group>";
		};
		4DC64A421D996649000079EA /* Util */ = {
			isa = PBXGroup;
			children = (
				4DC64A431D996655000079EA /* Constants.swift */,
			);
			name = Util;
			sourceTree = "<group>";
		};
		5E28A1DC67D6662145B498D3 /* Pods */ = {
			isa = PBXGroup;
			children = (
				B52C9214654FE5D739BD95FD /* Pods-devslopes-social.debug.xcconfig */,
				61C652492EFC478B0BF39E93 /* Pods-devslopes-social.release.xcconfig */,
			);
			name = Pods;
			sourceTree = "<group>";
		};
		B4C5CC21E724E19DD32AFCF7 /* Frameworks */ = {
			isa = PBXGroup;
			children = (
				81DD3B16003BEF71CADE29A8 /* Pods_devslopes_social.framework */,
			);
			name = Frameworks;
			sourceTree = "<group>";
		};
/* End PBXGroup section */

/* Begin PBXNativeTarget section */
		4DBE37E71D990A330070F0C2 /* devslopes-social */ = {
			isa = PBXNativeTarget;
			buildConfigurationList = 4DBE37FA1D990A340070F0C2 /* Build configuration list for PBXNativeTarget "devslopes-social" */;
			buildPhases = (
				BC6D1AA5F5A3B86B9D7E1145 /* [CP] Check Pods Manifest.lock */,
				4DBE37E41D990A330070F0C2 /* Sources */,
				4DBE37E51D990A330070F0C2 /* Frameworks */,
				4DBE37E61D990A330070F0C2 /* Resources */,
				04A9C9751494693BAD075871 /* [CP] Embed Pods Frameworks */,
				C14CEAD66808D6A2921BE33E /* [CP] Copy Pods Resources */,
			);
			buildRules = (
			);
			dependencies = (
			);
			name = "devslopes-social";
			productName = "devslopes-social";
			productReference = 4DBE37E81D990A340070F0C2 /* devslopes-social.app */;
			productType = "com.apple.product-type.application";
		};
/* End PBXNativeTarget section */

/* Begin PBXProject section */
		4DBE37E01D990A330070F0C2 /* Project object */ = {
			isa = PBXProject;
			attributes = {
				LastSwiftUpdateCheck = 0800;
				LastUpgradeCheck = 0800;
				ORGANIZATIONNAME = margibs;
				TargetAttributes = {
					4DBE37E71D990A330070F0C2 = {
						CreatedOnToolsVersion = 8.0;
						DevelopmentTeam = 4EJWV52R7H;
						ProvisioningStyle = Automatic;
						SystemCapabilities = {
							com.apple.Keychain = {
								enabled = 1;
							};
						};
					};
				};
			};
			buildConfigurationList = 4DBE37E31D990A330070F0C2 /* Build configuration list for PBXProject "devslopes-social" */;
			compatibilityVersion = "Xcode 3.2";
			developmentRegion = English;
			hasScannedForEncodings = 0;
			knownRegions = (
				en,
				Base,
			);
			mainGroup = 4DBE37DF1D990A330070F0C2;
			productRefGroup = 4DBE37E91D990A340070F0C2 /* Products */;
			projectDirPath = "";
			projectRoot = "";
			targets = (
				4DBE37E71D990A330070F0C2 /* devslopes-social */,
			);
		};
/* End PBXProject section */

/* Begin PBXResourcesBuildPhase section */
		4DBE37E61D990A330070F0C2 /* Resources */ = {
			isa = PBXResourcesBuildPhase;
			buildActionMask = 2147483647;
			files = (
				4DBE37F61D990A340070F0C2 /* LaunchScreen.storyboard in Resources */,
				4DBE37F31D990A340070F0C2 /* Assets.xcassets in Resources */,
				4DBE37FE1D990AB90070F0C2 /* GoogleService-Info.plist in Resources */,
				4DBE37F11D990A340070F0C2 /* Main.storyboard in Resources */,
			);
			runOnlyForDeploymentPostprocessing = 0;
		};
/* End PBXResourcesBuildPhase section */

/* Begin PBXShellScriptBuildPhase section */
		04A9C9751494693BAD075871 /* [CP] Embed Pods Frameworks */ = {
			isa = PBXShellScriptBuildPhase;
			buildActionMask = 2147483647;
			files = (
			);
			inputPaths = (
			);
			name = "[CP] Embed Pods Frameworks";
			outputPaths = (
			);
			runOnlyForDeploymentPostprocessing = 0;
			shellPath = /bin/sh;
			shellScript = "\"${SRCROOT}/Pods/Target Support Files/Pods-devslopes-social/Pods-devslopes-social-frameworks.sh\"\n";
			showEnvVarsInLog = 0;
		};
		BC6D1AA5F5A3B86B9D7E1145 /* [CP] Check Pods Manifest.lock */ = {
			isa = PBXShellScriptBuildPhase;
			buildActionMask = 2147483647;
			files = (
			);
			inputPaths = (
			);
			name = "[CP] Check Pods Manifest.lock";
			outputPaths = (
			);
			runOnlyForDeploymentPostprocessing = 0;
			shellPath = /bin/sh;
			shellScript = "diff \"${PODS_ROOT}/../Podfile.lock\" \"${PODS_ROOT}/Manifest.lock\" > /dev/null\nif [ $? != 0 ] ; then\n    # print error to STDERR\n    echo \"error: The sandbox is not in sync with the Podfile.lock. Run 'pod install' or update your CocoaPods installation.\" >&2\n    exit 1\nfi\n";
			showEnvVarsInLog = 0;
		};
		C14CEAD66808D6A2921BE33E /* [CP] Copy Pods Resources */ = {
			isa = PBXShellScriptBuildPhase;
			buildActionMask = 2147483647;
			files = (
			);
			inputPaths = (
			);
			name = "[CP] Copy Pods Resources";
			outputPaths = (
			);
			runOnlyForDeploymentPostprocessing = 0;
			shellPath = /bin/sh;
			shellScript = "\"${SRCROOT}/Pods/Target Support Files/Pods-devslopes-social/Pods-devslopes-social-resources.sh\"\n";
			showEnvVarsInLog = 0;
		};
/* End PBXShellScriptBuildPhase section */

/* Begin PBXSourcesBuildPhase section */
		4DBE37E41D990A330070F0C2 /* Sources */ = {
			isa = PBXSourcesBuildPhase;
			buildActionMask = 2147483647;
			files = (
				4DCD38701D9D667700BE7A8A /* CircleView.swift in Sources */,
				4DC64A481D996A09000079EA /* FancyField.swift in Sources */,
				4DBE37EE1D990A340070F0C2 /* SignInVC.swift in Sources */,
				4DC64A461D996808000079EA /* RoundBtn.swift in Sources */,
				4DC64A441D996655000079EA /* Constants.swift in Sources */,
				4D01D2161DA29F890097128F /* DataService.swift in Sources */,
				4DCD386E1D9D238D00BE7A8A /* FeedVC.swift in Sources */,
				4DBE37EC1D990A340070F0C2 /* AppDelegate.swift in Sources */,
				4DC64A411D9965C9000079EA /* FancyView.swift in Sources */,
				4DC64A4A1D996B49000079EA /* FancyBtn.swift in Sources */,
				4D01D2131DA27A150097128F /* PostCell.swift in Sources */,
			);
			runOnlyForDeploymentPostprocessing = 0;
		};
/* End PBXSourcesBuildPhase section */

/* Begin PBXVariantGroup section */
		4DBE37EF1D990A340070F0C2 /* Main.storyboard */ = {
			isa = PBXVariantGroup;
			children = (
				4DBE37F01D990A340070F0C2 /* Base */,
			);
			name = Main.storyboard;
			sourceTree = "<group>";
		};
		4DBE37F41D990A340070F0C2 /* LaunchScreen.storyboard */ = {
			isa = PBXVariantGroup;
			children = (
				4DBE37F51D990A340070F0C2 /* Base */,
			);
			name = LaunchScreen.storyboard;
			sourceTree = "<group>";
		};
/* End PBXVariantGroup section */

/* Begin XCBuildConfiguration section */
		4DBE37F81D990A340070F0C2 /* Debug */ = {
			isa = XCBuildConfiguration;
			buildSettings = {
				ALWAYS_SEARCH_USER_PATHS = NO;
				CLANG_ANALYZER_NONNULL = YES;
				CLANG_CXX_LANGUAGE_STANDARD = "gnu++0x";
				CLANG_CXX_LIBRARY = "libc++";
				CLANG_ENABLE_MODULES = YES;
				CLANG_ENABLE_OBJC_ARC = YES;
				CLANG_WARN_BOOL_CONVERSION = YES;
				CLANG_WARN_CONSTANT_CONVERSION = YES;
				CLANG_WARN_DIRECT_OBJC_ISA_USAGE = YES_ERROR;
				CLANG_WARN_DOCUMENTATION_COMMENTS = YES;
				CLANG_WARN_EMPTY_BODY = YES;
				CLANG_WARN_ENUM_CONVERSION = YES;
				CLANG_WARN_INFINITE_RECURSION = YES;
				CLANG_WARN_INT_CONVERSION = YES;
				CLANG_WARN_OBJC_ROOT_CLASS = YES_ERROR;
				CLANG_WARN_SUSPICIOUS_MOVES = YES;
				CLANG_WARN_UNREACHABLE_CODE = YES;
				CLANG_WARN__DUPLICATE_METHOD_MATCH = YES;
				"CODE_SIGN_IDENTITY[sdk=iphoneos*]" = "iPhone Developer";
				COPY_PHASE_STRIP = NO;
				DEBUG_INFORMATION_FORMAT = dwarf;
				ENABLE_STRICT_OBJC_MSGSEND = YES;
				ENABLE_TESTABILITY = YES;
				GCC_C_LANGUAGE_STANDARD = gnu99;
				GCC_DYNAMIC_NO_PIC = NO;
				GCC_NO_COMMON_BLOCKS = YES;
				GCC_OPTIMIZATION_LEVEL = 0;
				GCC_PREPROCESSOR_DEFINITIONS = (
					"DEBUG=1",
					"$(inherited)",
				);
				GCC_WARN_64_TO_32_BIT_CONVERSION = YES;
				GCC_WARN_ABOUT_RETURN_TYPE = YES_ERROR;
				GCC_WARN_UNDECLARED_SELECTOR = YES;
				GCC_WARN_UNINITIALIZED_AUTOS = YES_AGGRESSIVE;
				GCC_WARN_UNUSED_FUNCTION = YES;
				GCC_WARN_UNUSED_VARIABLE = YES;
				IPHONEOS_DEPLOYMENT_TARGET = 10.0;
				MTL_ENABLE_DEBUG_INFO = YES;
				ONLY_ACTIVE_ARCH = YES;
				SDKROOT = iphoneos;
				SWIFT_ACTIVE_COMPILATION_CONDITIONS = DEBUG;
				SWIFT_OPTIMIZATION_LEVEL = "-Onone";
			};
			name = Debug;
		};
		4DBE37F91D990A340070F0C2 /* Release */ = {
			isa = XCBuildConfiguration;
			buildSettings = {
				ALWAYS_SEARCH_USER_PATHS = NO;
				CLANG_ANALYZER_NONNULL = YES;
				CLANG_CXX_LANGUAGE_STANDARD = "gnu++0x";
				CLANG_CXX_LIBRARY = "libc++";
				CLANG_ENABLE_MODULES = YES;
				CLANG_ENABLE_OBJC_ARC = YES;
				CLANG_WARN_BOOL_CONVERSION = YES;
				CLANG_WARN_CONSTANT_CONVERSION = YES;
				CLANG_WARN_DIRECT_OBJC_ISA_USAGE = YES_ERROR;
				CLANG_WARN_DOCUMENTATION_COMMENTS = YES;
				CLANG_WARN_EMPTY_BODY = YES;
				CLANG_WARN_ENUM_CONVERSION = YES;
				CLANG_WARN_INFINITE_RECURSION = YES;
				CLANG_WARN_INT_CONVERSION = YES;
				CLANG_WARN_OBJC_ROOT_CLASS = YES_ERROR;
				CLANG_WARN_SUSPICIOUS_MOVES = YES;
				CLANG_WARN_UNREACHABLE_CODE = YES;
				CLANG_WARN__DUPLICATE_METHOD_MATCH = YES;
				"CODE_SIGN_IDENTITY[sdk=iphoneos*]" = "iPhone Developer";
				COPY_PHASE_STRIP = NO;
				DEBUG_INFORMATION_FORMAT = "dwarf-with-dsym";
				ENABLE_NS_ASSERTIONS = NO;
				ENABLE_STRICT_OBJC_MSGSEND = YES;
				GCC_C_LANGUAGE_STANDARD = gnu99;
				GCC_NO_COMMON_BLOCKS = YES;
				GCC_WARN_64_TO_32_BIT_CONVERSION = YES;
				GCC_WARN_ABOUT_RETURN_TYPE = YES_ERROR;
				GCC_WARN_UNDECLARED_SELECTOR = YES;
				GCC_WARN_UNINITIALIZED_AUTOS = YES_AGGRESSIVE;
				GCC_WARN_UNUSED_FUNCTION = YES;
				GCC_WARN_UNUSED_VARIABLE = YES;
				IPHONEOS_DEPLOYMENT_TARGET = 10.0;
				MTL_ENABLE_DEBUG_INFO = NO;
				SDKROOT = iphoneos;
				SWIFT_OPTIMIZATION_LEVEL = "-Owholemodule";
				VALIDATE_PRODUCT = YES;
			};
			name = Release;
		};
		4DBE37FB1D990A340070F0C2 /* Debug */ = {
			isa = XCBuildConfiguration;
			baseConfigurationReference = B52C9214654FE5D739BD95FD /* Pods-devslopes-social.debug.xcconfig */;
			buildSettings = {
				ASSETCATALOG_COMPILER_APPICON_NAME = AppIcon;
				CODE_SIGN_ENTITLEMENTS = "devslopes-social/devslopes-social.entitlements";
				DEVELOPMENT_TEAM = 4EJWV52R7H;
				INFOPLIST_FILE = "devslopes-social/Info.plist";
				LD_RUNPATH_SEARCH_PATHS = "$(inherited) @executable_path/Frameworks";
				PRODUCT_BUNDLE_IDENTIFIER = "com.watermelon.devslopes-social";
				PRODUCT_NAME = "$(TARGET_NAME)";
				SWIFT_VERSION = 3.0;
			};
			name = Debug;
		};
		4DBE37FC1D990A340070F0C2 /* Release */ = {
			isa = XCBuildConfiguration;
			baseConfigurationReference = 61C652492EFC478B0BF39E93 /* Pods-devslopes-social.release.xcconfig */;
			buildSettings = {
				ASSETCATALOG_COMPILER_APPICON_NAME = AppIcon;
				CODE_SIGN_ENTITLEMENTS = "devslopes-social/devslopes-social.entitlements";
				DEVELOPMENT_TEAM = 4EJWV52R7H;
				INFOPLIST_FILE = "devslopes-social/Info.plist";
				LD_RUNPATH_SEARCH_PATHS = "$(inherited) @executable_path/Frameworks";
				PRODUCT_BUNDLE_IDENTIFIER = "com.watermelon.devslopes-social";
				PRODUCT_NAME = "$(TARGET_NAME)";
				SWIFT_VERSION = 3.0;
			};
			name = Release;
		};
/* End XCBuildConfiguration section */

/* Begin XCConfigurationList section */
		4DBE37E31D990A330070F0C2 /* Build configuration list for PBXProject "devslopes-social" */ = {
			isa = XCConfigurationList;
			buildConfigurations = (
				4DBE37F81D990A340070F0C2 /* Debug */,
				4DBE37F91D990A340070F0C2 /* Release */,
			);
			defaultConfigurationIsVisible = 0;
			defaultConfigurationName = Release;
		};
		4DBE37FA1D990A340070F0C2 /* Build configuration list for PBXNativeTarget "devslopes-social" */ = {
			isa = XCConfigurationList;
			buildConfigurations = (
				4DBE37FB1D990A340070F0C2 /* Debug */,
				4DBE37FC1D990A340070F0C2 /* Release */,
			);
			defaultConfigurationIsVisible = 0;
			defaultConfigurationName = Release;
		};
/* End XCConfigurationList section */
	};
	rootObject = 4DBE37E01D990A330070F0C2 /* Project object */;
}
